{
  "$id": "https://www.schemastore.org/package-lock.json",
  "$schema": "http://json-schema.org/draft-07/schema#",
  "additionalProperties": true,
  "description": "NPM package lockfile",
  "type": "object",
  "properties": {
    "lockfileVersion": {
      "type": "integer",
      "description": "The version number of this document whose semantics were used when generating this lockfile.",
      "minimum": 1,
      "default": 3
    },
    "name": {
      "$ref": "https://json.schemastore.org/package.json#/properties/name",
      "description": "The name of the package this is a lockfile for. This must match what's in `package.json`."
    },
    "version": {
      "$ref": "https://json.schemastore.org/package.json#/properties/version",
      "description": "The version of the package this is a lockfile for. This must match what's in `package.json`."
    }
  },
  "required": [
    "name",
    "version",
    "lockfileVersion"
  ],
  "allOf": [
    {
      "if": {
        "properties": {
          "lockfileVersion": {
            "const": 1
          }
        }
      },
      "then": {
        "$ref": "https://www.schemastore.org/package-lock-1.json#/properties"
      }
    },
    {
      "if": {
        "properties": {
          "lockfileVersion": {
            "const": 2
          }
        }
      },
      "then": {
        "$ref": "https://www.schemastore.org/package-lock-2.json#/properties"
      }
    },
    {
      "if": {
        "properties": {
          "lockfileVersion": {
            "const": 3
          }
        }
      },
      "then": {
        "$ref": "https://www.schemastore.org/package-lock-3.json#"
      }
    }
  ]
}
