{
  "$id": "https://www.schemastore.org/package-lock.json",
  "$schema": "http://json-schema.org/draft-07/schema#",
  "additionalProperties": true,
  "description": "NPM package lockfile",
  "type": "object",
  "properties": {
    "lockfileVersion": {
      "type": "integer",
      "description": "The version number of this document whose semantics were used when generating this lockfile.",
      "minimum": 1,
      "default": 3
    },
    "name": {
      "description": "The name of the package this is a lockfile for. This must match what's in `package.json`.",
      "type": "string",
      "maxLength": 214,
      "minLength": 1
    },
    "version": {
      "description": "The version of the package this is a lockfile for. This must match what's in `package.json`.",
      "type": "string"
    }
  },
  "required": [
    "name",
    "version",
    "lockfileVersion"
  ],
  "allOf": [
    {
      "if": {
        "properties": {
          "lockfileVersion": {
            "const": 1
          }
        }
      },
      "then": {
        "properties": {
          "dependencies": {
            "$ref": "https://www.schemastore.org/package-lock-1.json#/properties/dependencies"
          },
          "name": {
            "$ref": "https://www.schemastore.org/package-lock-1.json#/properties/name"
          },
          "lockfileVersion": {
            "$ref": "https://www.schemastore.org/package-lock-1.json#/properties/lockfileVersion"
          },
          "packageIntegrity": {
            "$ref": "https://www.schemastore.org/package-lock-1.json#/properties/packageIntegrity"
          },
          "preserveSymlinks": {
            "$ref": "https://www.schemastore.org/package-lock-1.json#/properties/preserveSymlinks"
          },
          "requires": {
            "$ref": "https://www.schemastore.org/package-lock-1.json#/properties/requires"
          },
          "version": {
            "$ref": "https://www.schemastore.org/package-lock-1.json#/properties/version"
          }
        }
      }
    },
    {
      "if": {
        "properties": {
          "lockfileVersion": {
            "const": 2
          }
        }
      },
      "then": {
        "properties": {
          "dependencies": {
            "$ref": "https://www.schemastore.org/package-lock-2.json#/properties/dependencies"
          },
          "name": {
            "$ref": "https://www.schemastore.org/package-lock-2.json#/properties/name"
          },
          "lockfileVersion": {
            "$ref": "https://www.schemastore.org/package-lock-2.json#/properties/lockfileVersion"
          },
          "packageIntegrity": {
            "$ref": "https://www.schemastore.org/package-lock-2.json#/properties/packageIntegrity"
          },
          "preserveSymlinks": {
            "$ref": "https://www.schemastore.org/package-lock-2.json#/properties/preserveSymlinks"
          },
          "requires": {
            "$ref": "https://www.schemastore.org/package-lock-2.json#/properties/requires"
          },
          "version": {
            "$ref": "https://www.schemastore.org/package-lock-2.json#/properties/version"
          }
        }
      }
    },
    {
      "if": {
        "properties": {
          "lockfileVersion": {
            "const": 3
          }
        }
      },
      "then": {
        "properties": {
          "name": {
            "$ref": "https://www.schemastore.org/package-lock-3.json#/properties/name"
          },
          "lockfileVersion": {
            "$ref": "https://www.schemastore.org/package-lock-3.json#/properties/lockfileVersion"
          },
          "packages": {
            "$ref": "https://www.schemastore.org/package-lock-3.json#/properties/packages"
          },
          "requires": {
            "$ref": "https://www.schemastore.org/package-lock-3.json#/properties/requires"
          },
          "version": {
            "$ref": "https://www.schemastore.org/package-lock-3.json#/properties/version"
          }
        }
      }
    }
  ]
}
