{
  "$id": "https://www.schemastore.org/package-lock.json",
  "$schema": "http://json-schema.org/draft-07/schema#",
  "additionalProperties": true,
  "definitions": {
    "lockfileVersion": {
      "type": "integer",
      "minimum": 1,
      "description": "", // todo
      "$comment": "Omitting this property and the values of '1' and '2' are DEPRECATED."
    },
    "integrity": {
      "type": "string",
      "description": "" // todo
    }
  },
  "properties": {
    "name": {
      "$ref": "package.json#/properties/name"
    },
    "version": {
      "$ref": "package.json#/properties/version"
    },
    "lockfileVersion": {
      "$ref": "#/definitions/lockfileVersion"
    },
    "packageIntegrity": {
      "$ref": "#/definitions/integrity",
      "description": "DEPRECATED." // todo
    },
    "preserveSymlinks": {
      "type": "boolean",
      "description": "" // todo
    },
    "dependencies": {
      "$ref": "package.json#/properties/dependencies"
    }
  },
  "type": "object",
  "allOf": [
    {
      "if": {
        "properties": {
          "lockfileVersion": {
            "const": 1
          }
        },
        "required": ["lockfileVersion"]
      },
      "then": {
        "properties": {
          // TODO v1
        },
        "required": [
          "name",
          "version",
          "lockfileVersion",
          "packageIntegrity",
          "preserveSymlinks",
          "dependencies"
        ]
      }
    },
    {
      "if": {
        "properties": {
          "lockfileVersion": {
            "const": 2
          }
        },
        "required": ["lockfileVersion"]
      },
      "then": {
        "properties": {
          // TODO v2
        },
        "required": [
          "name",
          "version",
          "lockfileVersion"
        ],
        "anyOf": [
          {
            "required": ["dependencies"]
          },
          {
            "required": ["packages"]
          }
        ]
      }
    },
    {
      "if": {
        "properties": {
          "lockfileVersion": {
            "const": 3
          }
        },
        "required": ["lockfileVersion"]
      },
      "then": {
        "properties": {
          // TODO v3
        },
        "required": [
          "name",
          "version",
          "lockfileVersion",
          "packages"
        ]
      }
    }
  ]
}
